
Microsoft Visual Studio Solution File, Format Version 12.00
# Visual Studio Version 17
VisualStudioVersion = 17.11.35303.130
MinimumVisualStudioVersion = 10.0.40219.1
Project("{FAE04EC0-301F-11D3-BF4B-00C04F79EFBC}") = "Les_2", "Les_2\Les_2.csproj", "{7D01C42B-4CBB-4FCC-A7A1-75E45AE0583D}"
EndProject
Global
	GlobalSection(SolutionConfigurationPlatforms) = preSolution
		Debug|Any CPU = Debug|Any CPU
		Release|Any CPU = Release|Any CPU
	EndGlobalSection
	GlobalSection(ProjectConfigurationPlatforms) = postSolution
		{7D01C42B-4CBB-4FCC-A7A1-75E45AE0583D}.Debug|Any CPU.ActiveCfg = Debug|Any CPU
		{7D01C42B-4CBB-4FCC-A7A1-75E45AE0583D}.Debug|Any CPU.Build.0 = Debug|Any CPU
		{7D01C42B-4CBB-4FCC-A7A1-75E45AE0583D}.Release|Any CPU.ActiveCfg = Release|Any CPU
		{7D01C42B-4CBB-4FCC-A7A1-75E45AE0583D}.Release|Any CPU.Build.0 = Release|Any CPU
	EndGlobalSection
	GlobalSection(SolutionProperties) = preSolution
		HideSolutionNode = FALSE
	EndGlobalSection
	GlobalSection(ExtensibilityGlobals) = postSolution
		SolutionGuid = {1027E2A8-20C3-460A-9AB6-93D4C10865D9}
	EndGlobalSection
EndGlobal
